<?xml version="1.0" encoding="UTF-8" standalone="yes" ?>
<CodeBlocks_project_file>
	<FileVersion major="1" minor="6" />
	<Project>
		<Option title="QtNetworkMon" />
		<Option makefile_is_custom="1" />
		<Option pch_mode="2" />
		<Option compiler="gcc" />
		<Build>
			<Target title="Release">
				<Option output=".\release\QtNetworkMon.exe" prefix_auto="1" extension_auto="1" />
				<Option object_output=".\" />
				<Option type="1" />
				<Option compiler="gcc" />
				<MakeCommands>
					<Build command="$make -f $makefile $target" />
					<CompileFile command="$make -f $makefile $file" />
					<Clean command="$make -f $makefile clean" />
					<DistClean command="$make -f $makefile clean" />
				</MakeCommands>
			</Target>
		</Build>
		<Compiler>
			<Add option="-Wall" />
			<Add option="-g" />
			<Add option="-fexceptions" />
		</Compiler>
		<Unit filename="src\GUI\Console.cpp" />
		<Unit filename="src\GUI\Console.h" />
		<Unit filename="src\GUI\MainWindow.cpp" />
		<Unit filename="src\GUI\MainWindow.h" />
		<Unit filename="src\GUI\MasterWindow.cpp" />
		<Unit filename="src\GUI\MasterWindow.h" />
		<Unit filename="src\GUI\Scope.cpp" />
		<Unit filename="src\GUI\Scope.h" />
		<Unit filename="src\IO\ReadWriteFile.cpp" />
		<Unit filename="src\IO\ReadWriteFile.h" />
		<Unit filename="src\Misc.cpp" />
		<Unit filename="src\Misc.h" />
		<Unit filename="Notes.txt" />
		<Unit filename="QtNetworkMon.pro" />
		<Unit filename="Readme.txt" />
		<Unit filename="src\Ressources.qrc" />
		<Unit filename="src\ThreadListener.cpp" />
		<Unit filename="src\ThreadListener.h" />
		<Unit filename="src\WinPcapFns.cpp" />
		<Unit filename="src\WinPcapFns.h" />
		<Unit filename="src\main.cpp" />
		<Unit filename="src\setIcon.rc">
			<Option compilerVar="WINDRES" />
		</Unit>
		<Extensions>
			<code_completion />
		</Extensions>
	</Project>
</CodeBlocks_project_file>
